
Microsoft Visual Studio Solution File, Format Version 12.00
# Visual Studio Version 17
VisualStudioVersion = 17.1.32319.34
MinimumVisualStudioVersion = 10.0.40219.1
Project("{2150E333-8FDC-42A3-9474-1A3956D46DE8}") = "src", "src", "{345FD66F-9373-4108-A57F-AE93A7AC0C53}"
EndProject
Project("{FAE04EC0-301F-11D3-BF4B-00C04F79EFBC}") = "mowt-myst-gen", "src\mowt-myst-gen\mowt-myst-gen.csproj", "{A740ECBA-8843-4389-8A26-E21F4837DE8E}"
EndProject
Global
	GlobalSection(SolutionConfigurationPlatforms) = preSolution
		Debug|Any CPU = Debug|Any CPU
		Release|Any CPU = Release|Any CPU
	EndGlobalSection
	GlobalSection(ProjectConfigurationPlatforms) = postSolution
		{A740ECBA-8843-4389-8A26-E21F4837DE8E}.Debug|Any CPU.ActiveCfg = Debug|Any CPU
		{A740ECBA-8843-4389-8A26-E21F4837DE8E}.Debug|Any CPU.Build.0 = Debug|Any CPU
		{A740ECBA-8843-4389-8A26-E21F4837DE8E}.Release|Any CPU.ActiveCfg = Release|Any CPU
		{A740ECBA-8843-4389-8A26-E21F4837DE8E}.Release|Any CPU.Build.0 = Release|Any CPU
	EndGlobalSection
	GlobalSection(SolutionProperties) = preSolution
		HideSolutionNode = FALSE
	EndGlobalSection
	GlobalSection(NestedProjects) = preSolution
		{A740ECBA-8843-4389-8A26-E21F4837DE8E} = {345FD66F-9373-4108-A57F-AE93A7AC0C53}
	EndGlobalSection
	GlobalSection(ExtensibilityGlobals) = postSolution
		SolutionGuid = {0654A057-FF09-4213-9C39-3F4496D82908}
	EndGlobalSection
EndGlobal
